
Microsoft Visual Studio Solution File, Format Version 12.00
# Visual Studio Version 17
VisualStudioVersion = 17.14.37411.7
MinimumVisualStudioVersion = 10.0.40219.1
Project("{FAE04EC0-301F-11D3-BF4B-00C04F79EFBC}") = "PersonalProjectApi", "PersonalProjectApi\PersonalProjectApi.csproj", "{067AC465-8E9D-467A-8D5A-3AEF3E13363C}"
EndProject
Project("{FAE04EC0-301F-11D3-BF4B-00C04F79EFBC}") = "TaskBoard.UnitTests", "TaskBoard.UnitTests\TaskBoard.UnitTests.csproj", "{9396715C-1953-4204-BABA-7833877E3A57}"
EndProject
Global
	GlobalSection(SolutionConfigurationPlatforms) = preSolution
		Debug|Any CPU = Debug|Any CPU
		Release|Any CPU = Release|Any CPU
	EndGlobalSection
	GlobalSection(ProjectConfigurationPlatforms) = postSolution
		{067AC465-8E9D-467A-8D5A-3AEF3E13363C}.Debug|Any CPU.ActiveCfg = Debug|Any CPU
		{067AC465-8E9D-467A-8D5A-3AEF3E13363C}.Debug|Any CPU.Build.0 = Debug|Any CPU
		{067AC465-8E9D-467A-8D5A-3AEF3E13363C}.Release|Any CPU.ActiveCfg = Release|Any CPU
		{067AC465-8E9D-467A-8D5A-3AEF3E13363C}.Release|Any CPU.Build.0 = Release|Any CPU
		{9396715C-1953-4204-BABA-7833877E3A57}.Debug|Any CPU.ActiveCfg = Debug|Any CPU
		{9396715C-1953-4204-BABA-7833877E3A57}.Debug|Any CPU.Build.0 = Debug|Any CPU
		{9396715C-1953-4204-BABA-7833877E3A57}.Release|Any CPU.ActiveCfg = Release|Any CPU
		{9396715C-1953-4204-BABA-7833877E3A57}.Release|Any CPU.Build.0 = Release|Any CPU
	EndGlobalSection
	GlobalSection(SolutionProperties) = preSolution
		HideSolutionNode = FALSE
	EndGlobalSection
	GlobalSection(ExtensibilityGlobals) = postSolution
		SolutionGuid = {4D0CE20B-1FC8-44FA-B61A-5F72A162E82F}
	EndGlobalSection
EndGlobal
